Microsoft Visual Studio Solution File, Format Version 12.00
# Visual Studio Version 17
VisualStudioVersion = 17.5.2.0
MinimumVisualStudioVersion = 10.0.40219.1
Project("{FAE04EC0-301F-11D3-BF4B-00C04F79EFBC}") = "minimal-api", "Api/minimal-api.csproj", "{4DA376C4-2915-E111-8109-D5D194E3BCD9}"
EndProject
Project("{FAE04EC0-301F-11D3-BF4B-00C04F79EFBC}") = "Test", "Test\Test.csproj", "{F9C34CF5-BE73-4A9F-9474-F732AAC27A56}"
EndProject
Global
	GlobalSection(SolutionConfigurationPlatforms) = preSolution
		Debug|Any CPU = Debug|Any CPU
		Release|Any CPU = Release|Any CPU
	EndGlobalSection
	GlobalSection(ProjectConfigurationPlatforms) = postSolution
		{4DA376C4-2915-E111-8109-D5D194E3BCD9}.Debug|Any CPU.ActiveCfg = Debug|Any CPU
		{4DA376C4-2915-E111-8109-D5D194E3BCD9}.Debug|Any CPU.Build.0 = Debug|Any CPU
		{4DA376C4-2915-E111-8109-D5D194E3BCD9}.Release|Any CPU.ActiveCfg = Release|Any CPU
		{4DA376C4-2915-E111-8109-D5D194E3BCD9}.Release|Any CPU.Build.0 = Release|Any CPU
		{F9C34CF5-BE73-4A9F-9474-F732AAC27A56}.Debug|Any CPU.ActiveCfg = Debug|Any CPU
		{F9C34CF5-BE73-4A9F-9474-F732AAC27A56}.Debug|Any CPU.Build.0 = Debug|Any CPU
		{F9C34CF5-BE73-4A9F-9474-F732AAC27A56}.Release|Any CPU.ActiveCfg = Release|Any CPU
		{F9C34CF5-BE73-4A9F-9474-F732AAC27A56}.Release|Any CPU.Build.0 = Release|Any CPU
	EndGlobalSection
	GlobalSection(SolutionProperties) = preSolution
		HideSolutionNode = FALSE
	EndGlobalSection
	GlobalSection(ExtensibilityGlobals) = postSolution
		SolutionGuid = {633F7CE2-DCA1-4134-994D-8C6820151ED9}
	EndGlobalSection
EndGlobal
